
Microsoft Visual Studio Solution File, Format Version 12.00
# Visual Studio Version 16
VisualStudioVersion = 16.0.30709.132
MinimumVisualStudioVersion = 10.0.40219.1
Project("{9A19103F-16F7-4668-BE54-9A1E7A4F7556}") = "Demo", "Demo\Demo.csproj", "{398765CB-C69B-499B-8DE0-9C5C47D3084A}"
EndProject
Project("{9A19103F-16F7-4668-BE54-9A1E7A4F7556}") = "DbStorage", "DbStorage\DbStorage.csproj", "{304E3304-BFDA-483B-99C6-55F96804E399}"
EndProject
Project("{9A19103F-16F7-4668-BE54-9A1E7A4F7556}") = "FreeSqlDbStorage", "FreeSqlDbStorage\FreeSqlDbStorage.csproj", "{D9CF7E86-6644-4BB1-B95B-15921CFA0AE8}"
EndProject
Project("{2150E333-8FDC-42A3-9474-1A3956D46DE8}") = "Common", "Common", "{6AA76D4C-3CB1-4475-B8AA-87E71CDA778C}"
EndProject
Global
	GlobalSection(SolutionConfigurationPlatforms) = preSolution
		Debug|Any CPU = Debug|Any CPU
		Release|Any CPU = Release|Any CPU
	EndGlobalSection
	GlobalSection(ProjectConfigurationPlatforms) = postSolution
		{398765CB-C69B-499B-8DE0-9C5C47D3084A}.Debug|Any CPU.ActiveCfg = Debug|Any CPU
		{398765CB-C69B-499B-8DE0-9C5C47D3084A}.Debug|Any CPU.Build.0 = Debug|Any CPU
		{398765CB-C69B-499B-8DE0-9C5C47D3084A}.Release|Any CPU.ActiveCfg = Release|Any CPU
		{398765CB-C69B-499B-8DE0-9C5C47D3084A}.Release|Any CPU.Build.0 = Release|Any CPU
		{304E3304-BFDA-483B-99C6-55F96804E399}.Debug|Any CPU.ActiveCfg = Debug|Any CPU
		{304E3304-BFDA-483B-99C6-55F96804E399}.Debug|Any CPU.Build.0 = Debug|Any CPU
		{304E3304-BFDA-483B-99C6-55F96804E399}.Release|Any CPU.ActiveCfg = Release|Any CPU
		{304E3304-BFDA-483B-99C6-55F96804E399}.Release|Any CPU.Build.0 = Release|Any CPU
		{D9CF7E86-6644-4BB1-B95B-15921CFA0AE8}.Debug|Any CPU.ActiveCfg = Debug|Any CPU
		{D9CF7E86-6644-4BB1-B95B-15921CFA0AE8}.Debug|Any CPU.Build.0 = Debug|Any CPU
		{D9CF7E86-6644-4BB1-B95B-15921CFA0AE8}.Release|Any CPU.ActiveCfg = Release|Any CPU
		{D9CF7E86-6644-4BB1-B95B-15921CFA0AE8}.Release|Any CPU.Build.0 = Release|Any CPU
	EndGlobalSection
	GlobalSection(SolutionProperties) = preSolution
		HideSolutionNode = FALSE
	EndGlobalSection
	GlobalSection(NestedProjects) = preSolution
		{304E3304-BFDA-483B-99C6-55F96804E399} = {6AA76D4C-3CB1-4475-B8AA-87E71CDA778C}
		{D9CF7E86-6644-4BB1-B95B-15921CFA0AE8} = {6AA76D4C-3CB1-4475-B8AA-87E71CDA778C}
	EndGlobalSection
	GlobalSection(ExtensibilityGlobals) = postSolution
		SolutionGuid = {B9C14B7F-F4A6-4E53-A38D-552351AD26F9}
	EndGlobalSection
EndGlobal
